
Microsoft Visual Studio Solution File, Format Version 12.00
# Visual Studio 15
VisualStudioVersion = 15.0.28307.2017
MinimumVisualStudioVersion = 10.0.40219.1
Project("{8BC9CEB8-8B4A-11D0-8D11-00A0C91BC942}") = "test_7.5(动态内存管理)", "test_7.5(动态内存管理)\test_7.5(动态内存管理).vcxproj", "{07376293-E070-4665-BA9F-9DF882D490BB}"
EndProject
Global
	GlobalSection(SolutionConfigurationPlatforms) = preSolution
		Debug|x64 = Debug|x64
		Debug|x86 = Debug|x86
		Release|x64 = Release|x64
		Release|x86 = Release|x86
	EndGlobalSection
	GlobalSection(ProjectConfigurationPlatforms) = postSolution
		{07376293-E070-4665-BA9F-9DF882D490BB}.Debug|x64.ActiveCfg = Debug|x64
		{07376293-E070-4665-BA9F-9DF882D490BB}.Debug|x64.Build.0 = Debug|x64
		{07376293-E070-4665-BA9F-9DF882D490BB}.Debug|x86.ActiveCfg = Debug|Win32
		{07376293-E070-4665-BA9F-9DF882D490BB}.Debug|x86.Build.0 = Debug|Win32
		{07376293-E070-4665-BA9F-9DF882D490BB}.Release|x64.ActiveCfg = Release|x64
		{07376293-E070-4665-BA9F-9DF882D490BB}.Release|x64.Build.0 = Release|x64
		{07376293-E070-4665-BA9F-9DF882D490BB}.Release|x86.ActiveCfg = Release|Win32
		{07376293-E070-4665-BA9F-9DF882D490BB}.Release|x86.Build.0 = Release|Win32
	EndGlobalSection
	GlobalSection(SolutionProperties) = preSolution
		HideSolutionNode = FALSE
	EndGlobalSection
	GlobalSection(ExtensibilityGlobals) = postSolution
		SolutionGuid = {46FCF8AA-A159-439C-BA2F-30B5C18BBABB}
	EndGlobalSection
EndGlobal
